
Microsoft Visual Studio Solution File, Format Version 12.00
# Visual Studio Version 17
VisualStudioVersion = 17.6.33815.320
MinimumVisualStudioVersion = 10.0.40219.1
Project("{FAE04EC0-301F-11D3-BF4B-00C04F79EFBC}") = "HW18.4.1", "HW18.4.1\HW18.4.1.csproj", "{89274A38-905D-4C29-A5E8-55D08041CFE0}"
EndProject
Global
	GlobalSection(SolutionConfigurationPlatforms) = preSolution
		Debug|Any CPU = Debug|Any CPU
		Release|Any CPU = Release|Any CPU
	EndGlobalSection
	GlobalSection(ProjectConfigurationPlatforms) = postSolution
		{89274A38-905D-4C29-A5E8-55D08041CFE0}.Debug|Any CPU.ActiveCfg = Debug|Any CPU
		{89274A38-905D-4C29-A5E8-55D08041CFE0}.Debug|Any CPU.Build.0 = Debug|Any CPU
		{89274A38-905D-4C29-A5E8-55D08041CFE0}.Release|Any CPU.ActiveCfg = Release|Any CPU
		{89274A38-905D-4C29-A5E8-55D08041CFE0}.Release|Any CPU.Build.0 = Release|Any CPU
	EndGlobalSection
	GlobalSection(SolutionProperties) = preSolution
		HideSolutionNode = FALSE
	EndGlobalSection
	GlobalSection(ExtensibilityGlobals) = postSolution
		SolutionGuid = {81C2A248-4583-4629-96FB-5361BFB73677}
	EndGlobalSection
EndGlobal
